
Microsoft Visual Studio Solution File, Format Version 12.00
Project("{FAE04EC0-301F-11D3-BF4B-00C04F79EFBC}") = "Scribal.Cli", "Scribal.Cli\Scribal.Cli.csproj", "{DF317E06-958F-4036-81CC-275C903F40DD}"
EndProject
Global
	GlobalSection(SolutionConfigurationPlatforms) = preSolution
		Debug|Any CPU = Debug|Any CPU
		Release|Any CPU = Release|Any CPU
	EndGlobalSection
	GlobalSection(ProjectConfigurationPlatforms) = postSolution
		{DF317E06-958F-4036-81CC-275C903F40DD}.Debug|Any CPU.ActiveCfg = Debug|Any CPU
		{DF317E06-958F-4036-81CC-275C903F40DD}.Debug|Any CPU.Build.0 = Debug|Any CPU
		{DF317E06-958F-4036-81CC-275C903F40DD}.Release|Any CPU.ActiveCfg = Release|Any CPU
		{DF317E06-958F-4036-81CC-275C903F40DD}.Release|Any CPU.Build.0 = Release|Any CPU
	EndGlobalSection
EndGlobal
